// !$*UTF8*$!
{
	archiveVersion = 1;
	classes = {
	};
	objectVersion = 46;
	objects = {

/* Begin PBXBuildFile section */
		04059FEA1872027500BA6557 /* SDL2.framework in Frameworks */ = {isa = PBXBuildFile; fileRef = 04A57D861872012D0068B1E5 /* SDL2.framework */; };
		04059FEB1872027B00BA6557 /* liboxygine_macosx.a in Frameworks */ = {isa = PBXBuildFile; fileRef = 04059FE41872026200BA6557 /* liboxygine_macosx.a */; };
		04059FED187202A200BA6557 /* libz.dylib in Frameworks */ = {isa = PBXBuildFile; fileRef = 04059FEC187202A200BA6557 /* libz.dylib */; };
		04059FEF187202AC00BA6557 /* OpenGL.framework in Frameworks */ = {isa = PBXBuildFile; fileRef = 04059FEE187202AC00BA6557 /* OpenGL.framework */; };
		0405A00018720D2200BA6557 /* libjpeg.a in Frameworks */ = {isa = PBXBuildFile; fileRef = 04059FF01872031A00BA6557 /* libjpeg.a */; };
		0405A00118720D2200BA6557 /* libpng.a in Frameworks */ = {isa = PBXBuildFile; fileRef = 04059FF11872031A00BA6557 /* libpng.a */; };
		049B57321871FBE900EF3C66 /* Cocoa.framework in Frameworks */ = {isa = PBXBuildFile; fileRef = 049B57311871FBE900EF3C66 /* Cocoa.framework */; };
		049B574A1871FBE900EF3C66 /* Images.xcassets in Resources */ = {isa = PBXBuildFile; fileRef = 049B57491871FBE900EF3C66 /* Images.xcassets */; };
		1E839D002B2BA83FC83A695A /* Unit.cpp in Sources */ = {isa = PBXBuildFile; fileRef = 04FE4D4FB640E0DF92DFB865 /* Unit.cpp */; };
		2DC477AC10D6C07B3FE008F6 /* Game.cpp in Sources */ = {isa = PBXBuildFile; fileRef = 360377333740D8A2FD15BBE6 /* Game.cpp */; };
		3A631A475DE035FC53ADE5EA /* entry_point.cpp in Sources */ = {isa = PBXBuildFile; fileRef = 7F3B12E3C9D554D9FE28101D /* entry_point.cpp */; };
		534E8B331A852DB800506FD1 /* Map.cpp in Sources */ = {isa = PBXBuildFile; fileRef = 534E8B311A852DB800506FD1 /* Map.cpp */; };
		53901A481A85442E0097D1B9 /* tmx in Resources */ = {isa = PBXBuildFile; fileRef = 53901A471A85442E0097D1B9 /* tmx */; };
		53901A4A1A8557FE0097D1B9 /* room01.tmx in Resources */ = {isa = PBXBuildFile; fileRef = 53901A491A8557FE0097D1B9 /* room01.tmx */; };
		53BA464F1A84436700B6201F /* TmxEllipse.cpp in Sources */ = {isa = PBXBuildFile; fileRef = 53BA46331A84436700B6201F /* TmxEllipse.cpp */; };
		53BA46501A84436700B6201F /* TmxImage.cpp in Sources */ = {isa = PBXBuildFile; fileRef = 53BA46351A84436700B6201F /* TmxImage.cpp */; };
		53BA46511A84436700B6201F /* TmxImageLayer.cpp in Sources */ = {isa = PBXBuildFile; fileRef = 53BA46371A84436700B6201F /* TmxImageLayer.cpp */; };
		53BA46521A84436700B6201F /* TmxLayer.cpp in Sources */ = {isa = PBXBuildFile; fileRef = 53BA46391A84436700B6201F /* TmxLayer.cpp */; };
		53BA46531A84436700B6201F /* TmxMap.cpp in Sources */ = {isa = PBXBuildFile; fileRef = 53BA463B1A84436700B6201F /* TmxMap.cpp */; };
		53BA46541A84436700B6201F /* TmxObject.cpp in Sources */ = {isa = PBXBuildFile; fileRef = 53BA463E1A84436700B6201F /* TmxObject.cpp */; };
		53BA46551A84436700B6201F /* TmxObjectGroup.cpp in Sources */ = {isa = PBXBuildFile; fileRef = 53BA46401A84436700B6201F /* TmxObjectGroup.cpp */; };
		53BA46561A84436700B6201F /* TmxPolygon.cpp in Sources */ = {isa = PBXBuildFile; fileRef = 53BA46431A84436700B6201F /* TmxPolygon.cpp */; };
		53BA46571A84436700B6201F /* TmxPolyline.cpp in Sources */ = {isa = PBXBuildFile; fileRef = 53BA46451A84436700B6201F /* TmxPolyline.cpp */; };
		53BA46581A84436700B6201F /* TmxPropertySet.cpp in Sources */ = {isa = PBXBuildFile; fileRef = 53BA46471A84436700B6201F /* TmxPropertySet.cpp */; };
		53BA46591A84436700B6201F /* TmxTile.cpp in Sources */ = {isa = PBXBuildFile; fileRef = 53BA46491A84436700B6201F /* TmxTile.cpp */; };
		53BA465A1A84436700B6201F /* TmxTileset.cpp in Sources */ = {isa = PBXBuildFile; fileRef = 53BA464B1A84436700B6201F /* TmxTileset.cpp */; };
		53BA465B1A84436700B6201F /* TmxUtil.cpp in Sources */ = {isa = PBXBuildFile; fileRef = 53BA464D1A84436700B6201F /* TmxUtil.cpp */; };
		53BA465E1A84447900B6201F /* tinyxml2.cpp in Sources */ = {isa = PBXBuildFile; fileRef = 53BA465C1A84447900B6201F /* tinyxml2.cpp */; };
		53BA46611A84454C00B6201F /* base64.cpp in Sources */ = {isa = PBXBuildFile; fileRef = 53BA465F1A84454C00B6201F /* base64.cpp */; };
		693088A7AB377368EE4A018E /* xmls in Resources */ = {isa = PBXBuildFile; fileRef = 2CE4BD5BB9DEF92439C0AB58 /* xmls */; };
		C8860D93875589970329DCCD /* Player.cpp in Sources */ = {isa = PBXBuildFile; fileRef = 4DA100C319512824B7570663 /* Player.cpp */; };
		CD59C69314E9E74CD0A11E03 /* example.cpp in Sources */ = {isa = PBXBuildFile; fileRef = F6123B1E6FE4471A00F49751 /* example.cpp */; };
		DA49ED8903C628BA578C8670 /* Joystick.cpp in Sources */ = {isa = PBXBuildFile; fileRef = 0BF9628FC8D38F9748F0CDEB /* Joystick.cpp */; };
		EFF139F8BA484314F7AAF645 /* res.cpp in Sources */ = {isa = PBXBuildFile; fileRef = 5DE458993031811A4C7D28C1 /* res.cpp */; };
		F2CFD518E4E2E05ECEDBB262 /* images in Resources */ = {isa = PBXBuildFile; fileRef = BA41FC88D76540A6905224D6 /* images */; };
/* End PBXBuildFile section */

/* Begin PBXContainerItemProxy section */
		04059FE31872026200BA6557 /* PBXContainerItemProxy */ = {
			isa = PBXContainerItemProxy;
			containerPortal = 04A57D761871FFEB0068B1E5 /* oxygine_macosx.xcodeproj */;
			proxyType = 2;
			remoteGlobalIDString = 049B52BB1871EDE900EF3C66;
			remoteInfo = oxygine_macosx;
		};
		04059FE81872027200BA6557 /* PBXContainerItemProxy */ = {
			isa = PBXContainerItemProxy;
			containerPortal = 04A57D761871FFEB0068B1E5 /* oxygine_macosx.xcodeproj */;
			proxyType = 1;
			remoteGlobalIDString = 049B52BA1871EDE900EF3C66;
			remoteInfo = oxygine_macosx;
		};
		04A57D851872012D0068B1E5 /* PBXContainerItemProxy */ = {
			isa = PBXContainerItemProxy;
			containerPortal = 04A57D7E1872012A0068B1E5 /* SDL.xcodeproj */;
			proxyType = 2;
			remoteGlobalIDString = BECDF66C0761BA81005FE872;
			remoteInfo = Framework;
		};
		04A57D871872012D0068B1E5 /* PBXContainerItemProxy */ = {
			isa = PBXContainerItemProxy;
			containerPortal = 04A57D7E1872012A0068B1E5 /* SDL.xcodeproj */;
			proxyType = 2;
			remoteGlobalIDString = BECDF6B30761BA81005FE872;
			remoteInfo = "Static Library";
		};
		04A57D891872012D0068B1E5 /* PBXContainerItemProxy */ = {
			isa = PBXContainerItemProxy;
			containerPortal = 04A57D7E1872012A0068B1E5 /* SDL.xcodeproj */;
			proxyType = 2;
			remoteGlobalIDString = DB31407717554B71006C0E22;
			remoteInfo = "Shared Library";
		};
		04A57D8B1872012D0068B1E5 /* PBXContainerItemProxy */ = {
			isa = PBXContainerItemProxy;
			containerPortal = 04A57D7E1872012A0068B1E5 /* SDL.xcodeproj */;
			proxyType = 2;
			remoteGlobalIDString = BECDF6BE0761BA81005FE872;
			remoteInfo = "Standard DMG";
		};
		04A57D8E187201EF0068B1E5 /* PBXContainerItemProxy */ = {
			isa = PBXContainerItemProxy;
			containerPortal = 04A57D7E1872012A0068B1E5 /* SDL.xcodeproj */;
			proxyType = 1;
			remoteGlobalIDString = BECDF5FE0761BA81005FE872;
			remoteInfo = Framework;
		};
/* End PBXContainerItemProxy section */

/* Begin PBXFileReference section */
		04059FEC187202A200BA6557 /* libz.dylib */ = {isa = PBXFileReference; lastKnownFileType = "compiled.mach-o.dylib"; name = libz.dylib; path = usr/lib/libz.dylib; sourceTree = SDKROOT; };
		04059FEE187202AC00BA6557 /* OpenGL.framework */ = {isa = PBXFileReference; lastKnownFileType = wrapper.framework; name = OpenGL.framework; path = System/Library/Frameworks/OpenGL.framework; sourceTree = SDKROOT; };
		04059FF01872031A00BA6557 /* libjpeg.a */ = {isa = PBXFileReference; lastKnownFileType = archive.ar; name = libjpeg.a; path = "../../../..//oxygine/third_party/macosx/libraries/libjpeg.a"; sourceTree = "<group>"; };
		04059FF11872031A00BA6557 /* libpng.a */ = {isa = PBXFileReference; lastKnownFileType = archive.ar; name = libpng.a; path = "../../../..//oxygine/third_party/macosx/libraries/libpng.a"; sourceTree = "<group>"; };
		04059FF4187203A600BA6557 /* libjpeg.a */ = {isa = PBXFileReference; lastKnownFileType = archive.ar; name = libjpeg.a; path = "../../../..//oxygine/third_party/ios/libraries/libjpeg.a"; sourceTree = "<group>"; };
		04059FF5187203A600BA6557 /* libpng.a */ = {isa = PBXFileReference; lastKnownFileType = archive.ar; name = libpng.a; path = "../../../..//oxygine/third_party/ios/libraries/libpng.a"; sourceTree = "<group>"; };
		049B572E1871FBE900EF3C66 /* GamePart1_macosx.app */ = {isa = PBXFileReference; explicitFileType = wrapper.application; includeInIndex = 0; path = GamePart1_macosx.app; sourceTree = BUILT_PRODUCTS_DIR; };
		049B57311871FBE900EF3C66 /* Cocoa.framework */ = {isa = PBXFileReference; lastKnownFileType = wrapper.framework; name = Cocoa.framework; path = System/Library/Frameworks/Cocoa.framework; sourceTree = SDKROOT; };
		049B57341871FBE900EF3C66 /* AppKit.framework */ = {isa = PBXFileReference; lastKnownFileType = wrapper.framework; name = AppKit.framework; path = System/Library/Frameworks/AppKit.framework; sourceTree = SDKROOT; };
		049B57351871FBE900EF3C66 /* CoreData.framework */ = {isa = PBXFileReference; lastKnownFileType = wrapper.framework; name = CoreData.framework; path = System/Library/Frameworks/CoreData.framework; sourceTree = SDKROOT; };
		049B57361871FBE900EF3C66 /* Foundation.framework */ = {isa = PBXFileReference; lastKnownFileType = wrapper.framework; name = Foundation.framework; path = System/Library/Frameworks/Foundation.framework; sourceTree = SDKROOT; };
		049B57391871FBE900EF3C66 /* GamePart1_macosx-Info.plist */ = {isa = PBXFileReference; lastKnownFileType = text.plist.xml; path = "GamePart1_macosx-Info.plist"; sourceTree = "<group>"; };
		049B57491871FBE900EF3C66 /* Images.xcassets */ = {isa = PBXFileReference; lastKnownFileType = folder.assetcatalog; name = Images.xcassets; path = GamePart1/Images.xcassets; sourceTree = "<group>"; };
		049B57501871FBE900EF3C66 /* XCTest.framework */ = {isa = PBXFileReference; lastKnownFileType = wrapper.framework; name = XCTest.framework; path = Library/Frameworks/XCTest.framework; sourceTree = DEVELOPER_DIR; };
		04A57D761871FFEB0068B1E5 /* oxygine_macosx.xcodeproj */ = {isa = PBXFileReference; lastKnownFileType = "wrapper.pb-project"; name = oxygine_macosx.xcodeproj; path = "../../../..//oxygine/SDL/macosx/oxygine_macosx/oxygine_macosx.xcodeproj"; sourceTree = "<group>"; };
		04A57D7E1872012A0068B1E5 /* SDL.xcodeproj */ = {isa = PBXFileReference; lastKnownFileType = "wrapper.pb-project"; name = SDL.xcodeproj; path = "../../../../..//SDL/Xcode/SDL/SDL.xcodeproj"; sourceTree = "<group>"; };
		04FE4D4FB640E0DF92DFB865 /* Unit.cpp */ = {isa = PBXFileReference; fileEncoding = 4; lastKnownFileType = sourcecode.cpp.cpp; name = Unit.cpp; path = ../src/Unit.cpp; sourceTree = "<group>"; };
		0BF9628FC8D38F9748F0CDEB /* Joystick.cpp */ = {isa = PBXFileReference; fileEncoding = 4; lastKnownFileType = sourcecode.cpp.cpp; name = Joystick.cpp; path = ../src/Joystick.cpp; sourceTree = "<group>"; };
		2CE4BD5BB9DEF92439C0AB58 /* xmls */ = {isa = PBXFileReference; fileEncoding = 4; lastKnownFileType = folder; name = xmls; path = ../data/xmls; sourceTree = "<group>"; };
		360377333740D8A2FD15BBE6 /* Game.cpp */ = {isa = PBXFileReference; fileEncoding = 4; lastKnownFileType = sourcecode.cpp.cpp; name = Game.cpp; path = ../src/Game.cpp; sourceTree = "<group>"; };
		4DA100C319512824B7570663 /* Player.cpp */ = {isa = PBXFileReference; fileEncoding = 4; lastKnownFileType = sourcecode.cpp.cpp; name = Player.cpp; path = ../src/Player.cpp; sourceTree = "<group>"; };
		534E8B311A852DB800506FD1 /* Map.cpp */ = {isa = PBXFileReference; fileEncoding = 4; lastKnownFileType = sourcecode.cpp.cpp; name = Map.cpp; path = ../src/Map.cpp; sourceTree = "<group>"; };
		534E8B321A852DB800506FD1 /* Map.h */ = {isa = PBXFileReference; fileEncoding = 4; lastKnownFileType = sourcecode.c.h; name = Map.h; path = ../src/Map.h; sourceTree = "<group>"; };
		53901A471A85442E0097D1B9 /* tmx */ = {isa = PBXFileReference; lastKnownFileType = folder; path = tmx; sourceTree = "<group>"; };
		53901A491A8557FE0097D1B9 /* room01.tmx */ = {isa = PBXFileReference; lastKnownFileType = text.xml; path = room01.tmx; sourceTree = "<group>"; };
		53BA46321A84436700B6201F /* Tmx.h */ = {isa = PBXFileReference; fileEncoding = 4; lastKnownFileType = sourcecode.c.h; path = Tmx.h; sourceTree = "<group>"; };
		53BA46331A84436700B6201F /* TmxEllipse.cpp */ = {isa = PBXFileReference; fileEncoding = 4; lastKnownFileType = sourcecode.cpp.cpp; path = TmxEllipse.cpp; sourceTree = "<group>"; };
		53BA46341A84436700B6201F /* TmxEllipse.h */ = {isa = PBXFileReference; fileEncoding = 4; lastKnownFileType = sourcecode.c.h; path = TmxEllipse.h; sourceTree = "<group>"; };
		53BA46351A84436700B6201F /* TmxImage.cpp */ = {isa = PBXFileReference; fileEncoding = 4; lastKnownFileType = sourcecode.cpp.cpp; path = TmxImage.cpp; sourceTree = "<group>"; };
		53BA46361A84436700B6201F /* TmxImage.h */ = {isa = PBXFileReference; fileEncoding = 4; lastKnownFileType = sourcecode.c.h; path = TmxImage.h; sourceTree = "<group>"; };
		53BA46371A84436700B6201F /* TmxImageLayer.cpp */ = {isa = PBXFileReference; fileEncoding = 4; lastKnownFileType = sourcecode.cpp.cpp; path = TmxImageLayer.cpp; sourceTree = "<group>"; };
		53BA46381A84436700B6201F /* TmxImageLayer.h */ = {isa = PBXFileReference; fileEncoding = 4; lastKnownFileType = sourcecode.c.h; path = TmxImageLayer.h; sourceTree = "<group>"; };
		53BA46391A84436700B6201F /* TmxLayer.cpp */ = {isa = PBXFileReference; fileEncoding = 4; lastKnownFileType = sourcecode.cpp.cpp; path = TmxLayer.cpp; sourceTree = "<group>"; };
		53BA463A1A84436700B6201F /* TmxLayer.h */ = {isa = PBXFileReference; fileEncoding = 4; lastKnownFileType = sourcecode.c.h; path = TmxLayer.h; sourceTree = "<group>"; };
		53BA463B1A84436700B6201F /* TmxMap.cpp */ = {isa = PBXFileReference; fileEncoding = 4; lastKnownFileType = sourcecode.cpp.cpp; path = TmxMap.cpp; sourceTree = "<group>"; };
		53BA463C1A84436700B6201F /* TmxMap.h */ = {isa = PBXFileReference; fileEncoding = 4; lastKnownFileType = sourcecode.c.h; path = TmxMap.h; sourceTree = "<group>"; };
		53BA463D1A84436700B6201F /* TmxMapTile.h */ = {isa = PBXFileReference; fileEncoding = 4; lastKnownFileType = sourcecode.c.h; path = TmxMapTile.h; sourceTree = "<group>"; };
		53BA463E1A84436700B6201F /* TmxObject.cpp */ = {isa = PBXFileReference; fileEncoding = 4; lastKnownFileType = sourcecode.cpp.cpp; path = TmxObject.cpp; sourceTree = "<group>"; };
		53BA463F1A84436700B6201F /* TmxObject.h */ = {isa = PBXFileReference; fileEncoding = 4; lastKnownFileType = sourcecode.c.h; path = TmxObject.h; sourceTree = "<group>"; };
		53BA46401A84436700B6201F /* TmxObjectGroup.cpp */ = {isa = PBXFileReference; fileEncoding = 4; lastKnownFileType = sourcecode.cpp.cpp; path = TmxObjectGroup.cpp; sourceTree = "<group>"; };
		53BA46411A84436700B6201F /* TmxObjectGroup.h */ = {isa = PBXFileReference; fileEncoding = 4; lastKnownFileType = sourcecode.c.h; path = TmxObjectGroup.h; sourceTree = "<group>"; };
		53BA46421A84436700B6201F /* TmxPoint.h */ = {isa = PBXFileReference; fileEncoding = 4; lastKnownFileType = sourcecode.c.h; path = TmxPoint.h; sourceTree = "<group>"; };
		53BA46431A84436700B6201F /* TmxPolygon.cpp */ = {isa = PBXFileReference; fileEncoding = 4; lastKnownFileType = sourcecode.cpp.cpp; path = TmxPolygon.cpp; sourceTree = "<group>"; };
		53BA46441A84436700B6201F /* TmxPolygon.h */ = {isa = PBXFileReference; fileEncoding = 4; lastKnownFileType = sourcecode.c.h; path = TmxPolygon.h; sourceTree = "<group>"; };
		53BA46451A84436700B6201F /* TmxPolyline.cpp */ = {isa = PBXFileReference; fileEncoding = 4; lastKnownFileType = sourcecode.cpp.cpp; path = TmxPolyline.cpp; sourceTree = "<group>"; };
		53BA46461A84436700B6201F /* TmxPolyline.h */ = {isa = PBXFileReference; fileEncoding = 4; lastKnownFileType = sourcecode.c.h; path = TmxPolyline.h; sourceTree = "<group>"; };
		53BA46471A84436700B6201F /* TmxPropertySet.cpp */ = {isa = PBXFileReference; fileEncoding = 4; lastKnownFileType = sourcecode.cpp.cpp; path = TmxPropertySet.cpp; sourceTree = "<group>"; };
		53BA46481A84436700B6201F /* TmxPropertySet.h */ = {isa = PBXFileReference; fileEncoding = 4; lastKnownFileType = sourcecode.c.h; path = TmxPropertySet.h; sourceTree = "<group>"; };
		53BA46491A84436700B6201F /* TmxTile.cpp */ = {isa = PBXFileReference; fileEncoding = 4; lastKnownFileType = sourcecode.cpp.cpp; path = TmxTile.cpp; sourceTree = "<group>"; };
		53BA464A1A84436700B6201F /* TmxTile.h */ = {isa = PBXFileReference; fileEncoding = 4; lastKnownFileType = sourcecode.c.h; path = TmxTile.h; sourceTree = "<group>"; };
		53BA464B1A84436700B6201F /* TmxTileset.cpp */ = {isa = PBXFileReference; fileEncoding = 4; lastKnownFileType = sourcecode.cpp.cpp; path = TmxTileset.cpp; sourceTree = "<group>"; };
		53BA464C1A84436700B6201F /* TmxTileset.h */ = {isa = PBXFileReference; fileEncoding = 4; lastKnownFileType = sourcecode.c.h; path = TmxTileset.h; sourceTree = "<group>"; };
		53BA464D1A84436700B6201F /* TmxUtil.cpp */ = {isa = PBXFileReference; fileEncoding = 4; lastKnownFileType = sourcecode.cpp.cpp; path = TmxUtil.cpp; sourceTree = "<group>"; };
		53BA464E1A84436700B6201F /* TmxUtil.h */ = {isa = PBXFileReference; fileEncoding = 4; lastKnownFileType = sourcecode.c.h; path = TmxUtil.h; sourceTree = "<group>"; };
		53BA465C1A84447900B6201F /* tinyxml2.cpp */ = {isa = PBXFileReference; fileEncoding = 4; lastKnownFileType = sourcecode.cpp.cpp; path = tinyxml2.cpp; sourceTree = "<group>"; };
		53BA465D1A84447900B6201F /* tinyxml2.h */ = {isa = PBXFileReference; fileEncoding = 4; lastKnownFileType = sourcecode.c.h; path = tinyxml2.h; sourceTree = "<group>"; };
		53BA465F1A84454C00B6201F /* base64.cpp */ = {isa = PBXFileReference; fileEncoding = 4; lastKnownFileType = sourcecode.cpp.cpp; path = base64.cpp; sourceTree = "<group>"; };
		53BA46601A84454C00B6201F /* base64.h */ = {isa = PBXFileReference; fileEncoding = 4; lastKnownFileType = sourcecode.c.h; path = base64.h; sourceTree = "<group>"; };
		5DE458993031811A4C7D28C1 /* res.cpp */ = {isa = PBXFileReference; fileEncoding = 4; lastKnownFileType = sourcecode.cpp.cpp; name = res.cpp; path = ../src/res.cpp; sourceTree = "<group>"; };
		7623D793B59EF0CD569E6EC2 /* example.h */ = {isa = PBXFileReference; fileEncoding = 4; lastKnownFileType = sourcecode.c.h; name = example.h; path = ../src/example.h; sourceTree = "<group>"; };
		7746CA7A63049ED8F7D6BF42 /* Joystick.h */ = {isa = PBXFileReference; fileEncoding = 4; lastKnownFileType = sourcecode.c.h; name = Joystick.h; path = ../src/Joystick.h; sourceTree = "<group>"; };
		7F3B12E3C9D554D9FE28101D /* entry_point.cpp */ = {isa = PBXFileReference; fileEncoding = 4; lastKnownFileType = sourcecode.cpp.cpp; name = entry_point.cpp; path = ../src/entry_point.cpp; sourceTree = "<group>"; };
		AFA30E959880563E6ABBBC4F /* res.h */ = {isa = PBXFileReference; fileEncoding = 4; lastKnownFileType = sourcecode.c.h; name = res.h; path = ../src/res.h; sourceTree = "<group>"; };
		BA41FC88D76540A6905224D6 /* images */ = {isa = PBXFileReference; fileEncoding = 4; lastKnownFileType = folder; name = images; path = ../data/images; sourceTree = "<group>"; };
		BD0E956CC3A2F7EB94822B5C /* Unit.h */ = {isa = PBXFileReference; fileEncoding = 4; lastKnownFileType = sourcecode.c.h; name = Unit.h; path = ../src/Unit.h; sourceTree = "<group>"; };
		D954BD82D7708B65A08FB6B9 /* Player.h */ = {isa = PBXFileReference; fileEncoding = 4; lastKnownFileType = sourcecode.c.h; name = Player.h; path = ../src/Player.h; sourceTree = "<group>"; };
		F196143B0370A9D348494ACC /* Game.h */ = {isa = PBXFileReference; fileEncoding = 4; lastKnownFileType = sourcecode.c.h; name = Game.h; path = ../src/Game.h; sourceTree = "<group>"; };
		F6123B1E6FE4471A00F49751 /* example.cpp */ = {isa = PBXFileReference; fileEncoding = 4; lastKnownFileType = sourcecode.cpp.cpp; name = example.cpp; path = ../src/example.cpp; sourceTree = "<group>"; };
/* End PBXFileReference section */

/* Begin PBXFrameworksBuildPhase section */
		049B572B1871FBE900EF3C66 /* Frameworks */ = {
			isa = PBXFrameworksBuildPhase;
			buildActionMask = 2147483647;
			files = (
				0405A00018720D2200BA6557 /* libjpeg.a in Frameworks */,
				0405A00118720D2200BA6557 /* libpng.a in Frameworks */,
				04059FEF187202AC00BA6557 /* OpenGL.framework in Frameworks */,
				04059FED187202A200BA6557 /* libz.dylib in Frameworks */,
				04059FEB1872027B00BA6557 /* liboxygine_macosx.a in Frameworks */,
				04059FEA1872027500BA6557 /* SDL2.framework in Frameworks */,
				049B57321871FBE900EF3C66 /* Cocoa.framework in Frameworks */,
			);
			runOnlyForDeploymentPostprocessing = 0;
		};
/* End PBXFrameworksBuildPhase section */

/* Begin PBXGroup section */
		04059FE01872026200BA6557 /* Products */ = {
			isa = PBXGroup;
			children = (
				04059FE41872026200BA6557 /* liboxygine_macosx.a */,
			);
			name = Products;
			sourceTree = "<group>";
		};
		049B57251871FBE900EF3C66 = {
			isa = PBXGroup;
			children = (
				53901A491A8557FE0097D1B9 /* room01.tmx */,
				049B57491871FBE900EF3C66 /* Images.xcassets */,
				049B57381871FBE900EF3C66 /* Supporting Files */,
				04A57D391871FF8B0068B1E5 /* src */,
				04A57D7E1872012A0068B1E5 /* SDL.xcodeproj */,
				04A57D761871FFEB0068B1E5 /* oxygine_macosx.xcodeproj */,
				049B57301871FBE900EF3C66 /* Frameworks */,
				049B572F1871FBE900EF3C66 /* Products */,
			);
			sourceTree = "<group>";
		};
		049B572F1871FBE900EF3C66 /* Products */ = {
			isa = PBXGroup;
			children = (
				049B572E1871FBE900EF3C66 /* GamePart1_macosx.app */,
			);
			name = Products;
			sourceTree = "<group>";
		};
		049B57301871FBE900EF3C66 /* Frameworks */ = {
			isa = PBXGroup;
			children = (
				04059FF4187203A600BA6557 /* libjpeg.a */,
				04059FF5187203A600BA6557 /* libpng.a */,
				04059FF01872031A00BA6557 /* libjpeg.a */,
				04059FF11872031A00BA6557 /* libpng.a */,
				04059FEE187202AC00BA6557 /* OpenGL.framework */,
				04059FEC187202A200BA6557 /* libz.dylib */,
				049B57311871FBE900EF3C66 /* Cocoa.framework */,
				049B57501871FBE900EF3C66 /* XCTest.framework */,
				049B57331871FBE900EF3C66 /* Other Frameworks */,
			);
			name = Frameworks;
			sourceTree = "<group>";
		};
		049B57331871FBE900EF3C66 /* Other Frameworks */ = {
			isa = PBXGroup;
			children = (
				049B57341871FBE900EF3C66 /* AppKit.framework */,
				049B57351871FBE900EF3C66 /* CoreData.framework */,
				049B57361871FBE900EF3C66 /* Foundation.framework */,
			);
			name = "Other Frameworks";
			sourceTree = "<group>";
		};
		049B57381871FBE900EF3C66 /* Supporting Files */ = {
			isa = PBXGroup;
			children = (
				53901A471A85442E0097D1B9 /* tmx */,
				BA41FC88D76540A6905224D6 /* images */,
				2CE4BD5BB9DEF92439C0AB58 /* xmls */,
				049B57391871FBE900EF3C66 /* GamePart1_macosx-Info.plist */,
			);
			name = "Supporting Files";
			sourceTree = "<group>";
		};
		04A57D391871FF8B0068B1E5 /* src */ = {
			isa = PBXGroup;
			children = (
				534E8B251A8486C800506FD1 /* Tmx */,
				360377333740D8A2FD15BBE6 /* Game.cpp */,
				F196143B0370A9D348494ACC /* Game.h */,
				0BF9628FC8D38F9748F0CDEB /* Joystick.cpp */,
				7746CA7A63049ED8F7D6BF42 /* Joystick.h */,
				534E8B311A852DB800506FD1 /* Map.cpp */,
				534E8B321A852DB800506FD1 /* Map.h */,
				4DA100C319512824B7570663 /* Player.cpp */,
				D954BD82D7708B65A08FB6B9 /* Player.h */,
				04FE4D4FB640E0DF92DFB865 /* Unit.cpp */,
				BD0E956CC3A2F7EB94822B5C /* Unit.h */,
				7F3B12E3C9D554D9FE28101D /* entry_point.cpp */,
				F6123B1E6FE4471A00F49751 /* example.cpp */,
				7623D793B59EF0CD569E6EC2 /* example.h */,
				5DE458993031811A4C7D28C1 /* res.cpp */,
				AFA30E959880563E6ABBBC4F /* res.h */,
			);
			name = src;
			sourceTree = "<group>";
		};
		04A57D7F1872012A0068B1E5 /* Products */ = {
			isa = PBXGroup;
			children = (
				04A57D861872012D0068B1E5 /* SDL2.framework */,
				04A57D881872012D0068B1E5 /* libSDL2.a */,
				04A57D8A1872012D0068B1E5 /* libSDL2.dylib */,
				04A57D8C1872012D0068B1E5 /* Standard DMG */,
			);
			name = Products;
			sourceTree = "<group>";
		};
		534E8B251A8486C800506FD1 /* Tmx */ = {
			isa = PBXGroup;
			children = (
				53BA465F1A84454C00B6201F /* base64.cpp */,
				53BA46601A84454C00B6201F /* base64.h */,
				53BA465C1A84447900B6201F /* tinyxml2.cpp */,
				53BA465D1A84447900B6201F /* tinyxml2.h */,
				53BA46321A84436700B6201F /* Tmx.h */,
				53BA46331A84436700B6201F /* TmxEllipse.cpp */,
				53BA46341A84436700B6201F /* TmxEllipse.h */,
				53BA46351A84436700B6201F /* TmxImage.cpp */,
				53BA46361A84436700B6201F /* TmxImage.h */,
				53BA46371A84436700B6201F /* TmxImageLayer.cpp */,
				53BA46381A84436700B6201F /* TmxImageLayer.h */,
				53BA46391A84436700B6201F /* TmxLayer.cpp */,
				53BA463A1A84436700B6201F /* TmxLayer.h */,
				53BA463B1A84436700B6201F /* TmxMap.cpp */,
				53BA463C1A84436700B6201F /* TmxMap.h */,
				53BA463D1A84436700B6201F /* TmxMapTile.h */,
				53BA463E1A84436700B6201F /* TmxObject.cpp */,
				53BA463F1A84436700B6201F /* TmxObject.h */,
				53BA46401A84436700B6201F /* TmxObjectGroup.cpp */,
				53BA46411A84436700B6201F /* TmxObjectGroup.h */,
				53BA46421A84436700B6201F /* TmxPoint.h */,
				53BA46431A84436700B6201F /* TmxPolygon.cpp */,
				53BA46441A84436700B6201F /* TmxPolygon.h */,
				53BA46451A84436700B6201F /* TmxPolyline.cpp */,
				53BA46461A84436700B6201F /* TmxPolyline.h */,
				53BA46471A84436700B6201F /* TmxPropertySet.cpp */,
				53BA46481A84436700B6201F /* TmxPropertySet.h */,
				53BA46491A84436700B6201F /* TmxTile.cpp */,
				53BA464A1A84436700B6201F /* TmxTile.h */,
				53BA464B1A84436700B6201F /* TmxTileset.cpp */,
				53BA464C1A84436700B6201F /* TmxTileset.h */,
				53BA464D1A84436700B6201F /* TmxUtil.cpp */,
				53BA464E1A84436700B6201F /* TmxUtil.h */,
			);
			name = Tmx;
			sourceTree = "<group>";
		};
/* End PBXGroup section */

/* Begin PBXNativeTarget section */
		049B572D1871FBE900EF3C66 /* GamePart1_macosx */ = {
			isa = PBXNativeTarget;
			buildConfigurationList = 049B575F1871FBE900EF3C66 /* Build configuration list for PBXNativeTarget "GamePart1_macosx" */;
			buildPhases = (
				049B572A1871FBE900EF3C66 /* Sources */,
				049B572B1871FBE900EF3C66 /* Frameworks */,
				049B572C1871FBE900EF3C66 /* Resources */,
			);
			buildRules = (
			);
			dependencies = (
				04059FE91872027200BA6557 /* PBXTargetDependency */,
				04A57D8F187201EF0068B1E5 /* PBXTargetDependency */,
			);
			name = GamePart1_macosx;
			productName = GamePart1;
			productReference = 049B572E1871FBE900EF3C66 /* GamePart1_macosx.app */;
			productType = "com.apple.product-type.application";
		};
/* End PBXNativeTarget section */

/* Begin PBXProject section */
		049B57261871FBE900EF3C66 /* Project object */ = {
			isa = PBXProject;
			attributes = {
				LastUpgradeCheck = 0610;
				ORGANIZATIONNAME = oxygine;
			};
			buildConfigurationList = 049B57291871FBE900EF3C66 /* Build configuration list for PBXProject "GamePart1_macosx" */;
			compatibilityVersion = "Xcode 3.2";
			developmentRegion = English;
			hasScannedForEncodings = 0;
			knownRegions = (
				en,
				Base,
			);
			mainGroup = 049B57251871FBE900EF3C66;
			productRefGroup = 049B572F1871FBE900EF3C66 /* Products */;
			projectDirPath = "";
			projectReferences = (
				{
					ProductGroup = 04059FE01872026200BA6557 /* Products */;
					ProjectRef = 04A57D761871FFEB0068B1E5 /* oxygine_macosx.xcodeproj */;
				},
				{
					ProductGroup = 04A57D7F1872012A0068B1E5 /* Products */;
					ProjectRef = 04A57D7E1872012A0068B1E5 /* SDL.xcodeproj */;
				},
			);
			projectRoot = "";
			targets = (
				049B572D1871FBE900EF3C66 /* GamePart1_macosx */,
			);
		};
/* End PBXProject section */

/* Begin PBXReferenceProxy section */
		04059FE41872026200BA6557 /* liboxygine_macosx.a */ = {
			isa = PBXReferenceProxy;
			fileType = archive.ar;
			path = liboxygine_macosx.a;
			remoteRef = 04059FE31872026200BA6557 /* PBXContainerItemProxy */;
			sourceTree = BUILT_PRODUCTS_DIR;
		};
		04A57D861872012D0068B1E5 /* SDL2.framework */ = {
			isa = PBXReferenceProxy;
			fileType = wrapper.framework;
			path = SDL2.framework;
			remoteRef = 04A57D851872012D0068B1E5 /* PBXContainerItemProxy */;
			sourceTree = BUILT_PRODUCTS_DIR;
		};
		04A57D881872012D0068B1E5 /* libSDL2.a */ = {
			isa = PBXReferenceProxy;
			fileType = archive.ar;
			path = libSDL2.a;
			remoteRef = 04A57D871872012D0068B1E5 /* PBXContainerItemProxy */;
			sourceTree = BUILT_PRODUCTS_DIR;
		};
		04A57D8A1872012D0068B1E5 /* libSDL2.dylib */ = {
			isa = PBXReferenceProxy;
			fileType = "compiled.mach-o.dylib";
			path = libSDL2.dylib;
			remoteRef = 04A57D891872012D0068B1E5 /* PBXContainerItemProxy */;
			sourceTree = BUILT_PRODUCTS_DIR;
		};
		04A57D8C1872012D0068B1E5 /* Standard DMG */ = {
			isa = PBXReferenceProxy;
			fileType = "compiled.mach-o.executable";
			path = "Standard DMG";
			remoteRef = 04A57D8B1872012D0068B1E5 /* PBXContainerItemProxy */;
			sourceTree = BUILT_PRODUCTS_DIR;
		};
/* End PBXReferenceProxy section */

/* Begin PBXResourcesBuildPhase section */
		049B572C1871FBE900EF3C66 /* Resources */ = {
			isa = PBXResourcesBuildPhase;
			buildActionMask = 2147483647;
			files = (
				53901A4A1A8557FE0097D1B9 /* room01.tmx in Resources */,
				53901A481A85442E0097D1B9 /* tmx in Resources */,
				F2CFD518E4E2E05ECEDBB262 /* images in Resources */,
				693088A7AB377368EE4A018E /* xmls in Resources */,
				049B574A1871FBE900EF3C66 /* Images.xcassets in Resources */,
			);
			runOnlyForDeploymentPostprocessing = 0;
		};
/* End PBXResourcesBuildPhase section */

/* Begin PBXSourcesBuildPhase section */
		049B572A1871FBE900EF3C66 /* Sources */ = {
			isa = PBXSourcesBuildPhase;
			buildActionMask = 2147483647;
			files = (
				2DC477AC10D6C07B3FE008F6 /* Game.cpp in Sources */,
				53BA46531A84436700B6201F /* TmxMap.cpp in Sources */,
				53BA465B1A84436700B6201F /* TmxUtil.cpp in Sources */,
				53BA46541A84436700B6201F /* TmxObject.cpp in Sources */,
				53BA46551A84436700B6201F /* TmxObjectGroup.cpp in Sources */,
				53BA46581A84436700B6201F /* TmxPropertySet.cpp in Sources */,
				53BA465E1A84447900B6201F /* tinyxml2.cpp in Sources */,
				DA49ED8903C628BA578C8670 /* Joystick.cpp in Sources */,
				C8860D93875589970329DCCD /* Player.cpp in Sources */,
				1E839D002B2BA83FC83A695A /* Unit.cpp in Sources */,
				53BA46501A84436700B6201F /* TmxImage.cpp in Sources */,
				3A631A475DE035FC53ADE5EA /* entry_point.cpp in Sources */,
				53BA46611A84454C00B6201F /* base64.cpp in Sources */,
				534E8B331A852DB800506FD1 /* Map.cpp in Sources */,
				53BA46521A84436700B6201F /* TmxLayer.cpp in Sources */,
				CD59C69314E9E74CD0A11E03 /* example.cpp in Sources */,
				53BA464F1A84436700B6201F /* TmxEllipse.cpp in Sources */,
				53BA46561A84436700B6201F /* TmxPolygon.cpp in Sources */,
				53BA46571A84436700B6201F /* TmxPolyline.cpp in Sources */,
				53BA46591A84436700B6201F /* TmxTile.cpp in Sources */,
				EFF139F8BA484314F7AAF645 /* res.cpp in Sources */,
				53BA46511A84436700B6201F /* TmxImageLayer.cpp in Sources */,
				53BA465A1A84436700B6201F /* TmxTileset.cpp in Sources */,
			);
			runOnlyForDeploymentPostprocessing = 0;
		};
/* End PBXSourcesBuildPhase section */

/* Begin PBXTargetDependency section */
		04059FE91872027200BA6557 /* PBXTargetDependency */ = {
			isa = PBXTargetDependency;
			name = oxygine_macosx;
			targetProxy = 04059FE81872027200BA6557 /* PBXContainerItemProxy */;
		};
		04A57D8F187201EF0068B1E5 /* PBXTargetDependency */ = {
			isa = PBXTargetDependency;
			name = Framework;
			targetProxy = 04A57D8E187201EF0068B1E5 /* PBXContainerItemProxy */;
		};
/* End PBXTargetDependency section */

/* Begin XCBuildConfiguration section */
		049B575D1871FBE900EF3C66 /* Debug */ = {
			isa = XCBuildConfiguration;
			buildSettings = {
				ALWAYS_SEARCH_USER_PATHS = NO;
				CLANG_CXX_LANGUAGE_STANDARD = "gnu++0x";
				CLANG_CXX_LIBRARY = "libc++";
				CLANG_ENABLE_OBJC_ARC = NO;
				CLANG_WARN_BOOL_CONVERSION = YES;
				CLANG_WARN_CONSTANT_CONVERSION = YES;
				CLANG_WARN_DIRECT_OBJC_ISA_USAGE = YES_ERROR;
				CLANG_WARN_EMPTY_BODY = YES;
				CLANG_WARN_ENUM_CONVERSION = YES;
				CLANG_WARN_INT_CONVERSION = YES;
				CLANG_WARN_OBJC_ROOT_CLASS = YES_ERROR;
				CLANG_WARN__DUPLICATE_METHOD_MATCH = YES;
				COPY_PHASE_STRIP = NO;
				GCC_C_LANGUAGE_STANDARD = gnu99;
				GCC_DYNAMIC_NO_PIC = NO;
				GCC_ENABLE_OBJC_EXCEPTIONS = YES;
				GCC_OPTIMIZATION_LEVEL = 0;
				GCC_PREPROCESSOR_DEFINITIONS = (
					"DEBUG=1",
					"$(inherited)",
				);
				GCC_SYMBOLS_PRIVATE_EXTERN = NO;
				GCC_WARN_64_TO_32_BIT_CONVERSION = YES;
				GCC_WARN_ABOUT_RETURN_TYPE = YES_ERROR;
				GCC_WARN_UNDECLARED_SELECTOR = YES;
				GCC_WARN_UNINITIALIZED_AUTOS = YES;
				GCC_WARN_UNUSED_FUNCTION = YES;
				GCC_WARN_UNUSED_VARIABLE = YES;
				MACOSX_DEPLOYMENT_TARGET = 10.8;
				ONLY_ACTIVE_ARCH = YES;
				SDKROOT = macosx;
				USER_HEADER_SEARCH_PATHS = "../../../..//oxygine/src ../../../../..//SDL/include";
				VALID_ARCHS = x86_64;
			};
			name = Debug;
		};
		049B575E1871FBE900EF3C66 /* Release */ = {
			isa = XCBuildConfiguration;
			buildSettings = {
				ALWAYS_SEARCH_USER_PATHS = NO;
				CLANG_CXX_LANGUAGE_STANDARD = "gnu++0x";
				CLANG_CXX_LIBRARY = "libc++";
				CLANG_ENABLE_OBJC_ARC = NO;
				CLANG_WARN_BOOL_CONVERSION = YES;
				CLANG_WARN_CONSTANT_CONVERSION = YES;
				CLANG_WARN_DIRECT_OBJC_ISA_USAGE = YES_ERROR;
				CLANG_WARN_EMPTY_BODY = YES;
				CLANG_WARN_ENUM_CONVERSION = YES;
				CLANG_WARN_INT_CONVERSION = YES;
				CLANG_WARN_OBJC_ROOT_CLASS = YES_ERROR;
				CLANG_WARN__DUPLICATE_METHOD_MATCH = YES;
				COPY_PHASE_STRIP = YES;
				DEBUG_INFORMATION_FORMAT = "dwarf-with-dsym";
				ENABLE_NS_ASSERTIONS = NO;
				GCC_C_LANGUAGE_STANDARD = gnu99;
				GCC_ENABLE_OBJC_EXCEPTIONS = YES;
				GCC_WARN_64_TO_32_BIT_CONVERSION = YES;
				GCC_WARN_ABOUT_RETURN_TYPE = YES_ERROR;
				GCC_WARN_UNDECLARED_SELECTOR = YES;
				GCC_WARN_UNINITIALIZED_AUTOS = YES;
				GCC_WARN_UNUSED_FUNCTION = YES;
				GCC_WARN_UNUSED_VARIABLE = YES;
				MACOSX_DEPLOYMENT_TARGET = 10.8;
				ONLY_ACTIVE_ARCH = YES;
				SDKROOT = macosx;
				USER_HEADER_SEARCH_PATHS = "../../../..//oxygine/src ../../../../..//SDL/include";
				VALID_ARCHS = x86_64;
			};
			name = Release;
		};
		049B57601871FBE900EF3C66 /* Debug */ = {
			isa = XCBuildConfiguration;
			buildSettings = {
				ASSETCATALOG_COMPILER_APPICON_NAME = AppIcon;
				COMBINE_HIDPI_IMAGES = YES;
				GCC_PRECOMPILE_PREFIX_HEADER = YES;
				GCC_PREFIX_HEADER = "GamePart1/GamePart1_macosx-Prefix.pch";
				INFOPLIST_FILE = "GamePart1_macosx-Info.plist";
				LIBRARY_SEARCH_PATHS = (
					"$(inherited)",
					"../../../..//oxygine/third_party/macosx/libraries",
					"../../../..//oxygine/third_party/ios/libraries",
				);
				PRODUCT_NAME = GamePart1_macosx;
				WRAPPER_EXTENSION = app;
			};
			name = Debug;
		};
		049B57611871FBE900EF3C66 /* Release */ = {
			isa = XCBuildConfiguration;
			buildSettings = {
				ASSETCATALOG_COMPILER_APPICON_NAME = AppIcon;
				COMBINE_HIDPI_IMAGES = YES;
				GCC_PRECOMPILE_PREFIX_HEADER = YES;
				GCC_PREFIX_HEADER = "GamePart1/GamePart1_macosx-Prefix.pch";
				INFOPLIST_FILE = "GamePart1_macosx-Info.plist";
				LIBRARY_SEARCH_PATHS = (
					"$(inherited)",
					"../../../..//oxygine/third_party/macosx/libraries",
					"../../../..//oxygine/third_party/ios/libraries",
				);
				PRODUCT_NAME = GamePart1_macosx;
				WRAPPER_EXTENSION = app;
			};
			name = Release;
		};
/* End XCBuildConfiguration section */

/* Begin XCConfigurationList section */
		049B57291871FBE900EF3C66 /* Build configuration list for PBXProject "GamePart1_macosx" */ = {
			isa = XCConfigurationList;
			buildConfigurations = (
				049B575D1871FBE900EF3C66 /* Debug */,
				049B575E1871FBE900EF3C66 /* Release */,
			);
			defaultConfigurationIsVisible = 0;
			defaultConfigurationName = Release;
		};
		049B575F1871FBE900EF3C66 /* Build configuration list for PBXNativeTarget "GamePart1_macosx" */ = {
			isa = XCConfigurationList;
			buildConfigurations = (
				049B57601871FBE900EF3C66 /* Debug */,
				049B57611871FBE900EF3C66 /* Release */,
			);
			defaultConfigurationIsVisible = 0;
			defaultConfigurationName = Release;
		};
/* End XCConfigurationList section */
	};
	rootObject = 049B57261871FBE900EF3C66 /* Project object */;
}
